
Microsoft Visual Studio Solution File, Format Version 12.00
# Visual Studio Version 17
VisualStudioVersion = 17.5.33424.131
MinimumVisualStudioVersion = 10.0.40219.1
Project("{FAE04EC0-301F-11D3-BF4B-00C04F79EFBC}") = "WpfApp1", "WpfApp1\WpfApp1.csproj", "{3C74FACE-4985-48E8-9B31-1AACA09C8450}"
EndProject
Global
	GlobalSection(SolutionConfigurationPlatforms) = preSolution
		Debug|Any CPU = Debug|Any CPU
		Release|Any CPU = Release|Any CPU
	EndGlobalSection
	GlobalSection(ProjectConfigurationPlatforms) = postSolution
		{3C74FACE-4985-48E8-9B31-1AACA09C8450}.Debug|Any CPU.ActiveCfg = Debug|Any CPU
		{3C74FACE-4985-48E8-9B31-1AACA09C8450}.Debug|Any CPU.Build.0 = Debug|Any CPU
		{3C74FACE-4985-48E8-9B31-1AACA09C8450}.Release|Any CPU.ActiveCfg = Release|Any CPU
		{3C74FACE-4985-48E8-9B31-1AACA09C8450}.Release|Any CPU.Build.0 = Release|Any CPU
	EndGlobalSection
	GlobalSection(SolutionProperties) = preSolution
		HideSolutionNode = FALSE
	EndGlobalSection
	GlobalSection(ExtensibilityGlobals) = postSolution
		SolutionGuid = {367EFB84-3AD2-4A3C-A808-3844803E13C5}
	EndGlobalSection
EndGlobal
